{
  "name": "auth-email",
  "version": "1.0.0",
  "lockfileVersion": 1,
  "requires": true,
  "dependencies": {
    "bcryptjs": {
      "version": "2.4.3",
      "resolved": "https://registry.npmjs.org/bcryptjs/-/bcryptjs-2.4.3.tgz",
      "integrity": "sha512-V/Hy/X9Vt7f3BbPJEi8BdVFMByHi+jNXrYkW3huaybV/kQ0KJg0Y6PkEMbn+zeT+i+SiKZ/HMqJGIIt4LZDqNQ=="
    },
    "nodemailer": {
      "version": "6.7.8",
      "resolved": "https://registry.npmjs.org/nodemailer/-/nodemailer-6.7.8.tgz",
      "integrity": "sha512-2zaTFGqZixVmTxpJRCFC+Vk5eGRd/fYtvIR+dl5u9QXLTQWGIf48x/JXvo58g9sa0bU6To04XUv554Paykum3g=="
    }
  }
}
